%{"cowlib": {:git, "git://github.com/extend/cowlib.git", "163356129ebc08981e80e900de845afd964ef3bc", [ref: "master"]},
  "gun": {:git, "git://github.com/extend/gun.git", "ea2de24f18741fc89d7a1dd6a3a0a43f3ccb1fd4", []},
  "ranch": {:git, "git://github.com/extend/ranch.git", "741bfb73ca663394ecf7a73410506d66f01985a6", [ref: "master"]}}
